<?xml version="1.0" encoding="utf-8"?>
<Project ToolsVersion="4.0" xmlns="http://schemas.microsoft.com/developer/msbuild/2003">
  <ItemGroup>
    <Filter Include="소스 파일">
      <UniqueIdentifier>{4FC737F1-C7A5-4376-A066-2A32D752A2FF}</UniqueIdentifier>
      <Extensions>cpp;c;cc;cxx;c++;cppm;ixx;def;odl;idl;hpj;bat;asm;asmx</Extensions>
    </Filter>
    <Filter Include="헤더 파일">
      <UniqueIdentifier>{93995380-89BD-4b04-88EB-625FBE52EBFB}</UniqueIdentifier>
      <Extensions>h;hh;hpp;hxx;h++;hm;inl;inc;ipp;xsd</Extensions>
    </Filter>
    <Filter Include="리소스 파일">
      <UniqueIdentifier>{67DA6AB6-F800-4c08-8B7A-83BB121AAD01}</UniqueIdentifier>
      <Extensions>rc;ico;cur;bmp;dlg;rc2;rct;bin;rgs;gif;jpg;jpeg;jpe;resx;tiff;tif;png;wav;mfcribbon-ms</Extensions>
    </Filter>
    <Filter Include="소스 파일\Wnd">
      <UniqueIdentifier>{166845f8-3782-4527-bcbe-55aff9a58aa2}</UniqueIdentifier>
    </Filter>
    <Filter Include="소스 파일\core">
      <UniqueIdentifier>{f9642d09-a9ff-4aea-9d30-d671ee3a7c9c}</UniqueIdentifier>
    </Filter>
    <Filter Include="소스 파일\utill">
      <UniqueIdentifier>{3039d644-122b-41e8-8ad8-68cb5b411eec}</UniqueIdentifier>
    </Filter>
    <Filter Include="소스 파일\Scene">
      <UniqueIdentifier>{5ee67e97-a5ee-41c3-80a8-bd9d8ad1cc88}</UniqueIdentifier>
    </Filter>
  </ItemGroup>
  <ItemGroup>
    <ClCompile Include="UNO.cpp">
      <Filter>소스 파일</Filter>
    </ClCompile>
    <ClCompile Include="app.cpp">
      <Filter>소스 파일</Filter>
    </ClCompile>
    <ClCompile Include="Wnd.cpp">
      <Filter>소스 파일\Wnd</Filter>
    </ClCompile>
    <ClCompile Include="Scene.cpp">
      <Filter>소스 파일\Scene</Filter>
    </ClCompile>
    <ClCompile Include="Direct.cpp">
      <Filter>소스 파일\core</Filter>
    </ClCompile>
    <ClCompile Include="GameWnd.cpp">
      <Filter>소스 파일\Wnd</Filter>
    </ClCompile>
    <ClCompile Include="SceneManager.cpp">
      <Filter>소스 파일</Filter>
    </ClCompile>
    <ClCompile Include="ResourceManager.cpp">
      <Filter>소스 파일</Filter>
    </ClCompile>
    <ClCompile Include="Sprite.cpp">
      <Filter>소스 파일\core</Filter>
    </ClCompile>
    <ClCompile Include="FPS.cpp">
      <Filter>소스 파일\utill</Filter>
    </ClCompile>
    <ClCompile Include="LoginScene.cpp">
      <Filter>소스 파일\Scene</Filter>
    </ClCompile>
    <ClCompile Include="LobbyScene.cpp">
      <Filter>소스 파일\Scene</Filter>
    </ClCompile>
    <ClCompile Include="Client.cpp">
      <Filter>소스 파일</Filter>
    </ClCompile>
    <ClCompile Include="Timer.cpp">
      <Filter>소스 파일\utill</Filter>
    </ClCompile>
    <ClCompile Include="Object2D.cpp">
      <Filter>소스 파일\core</Filter>
    </ClCompile>
    <ClCompile Include="Input.cpp">
      <Filter>소스 파일</Filter>
    </ClCompile>
    <ClCompile Include="Room.cpp">
      <Filter>소스 파일</Filter>
    </ClCompile>
    <ClCompile Include="Button.cpp">
      <Filter>소스 파일\core</Filter>
    </ClCompile>
    <ClCompile Include="information.cpp">
      <Filter>소스 파일</Filter>
    </ClCompile>
    <ClCompile Include="text.cpp">
      <Filter>소스 파일\core</Filter>
    </ClCompile>
    <ClCompile Include="waitingRoomScene.cpp">
      <Filter>소스 파일\Scene</Filter>
    </ClCompile>
    <ClCompile Include="User.cpp">
      <Filter>소스 파일</Filter>
    </ClCompile>
    <ClCompile Include="Chatting.cpp">
      <Filter>소스 파일</Filter>
    </ClCompile>
  </ItemGroup>
  <ItemGroup>
    <ClInclude Include="app.h">
      <Filter>헤더 파일</Filter>
    </ClInclude>
    <ClInclude Include="Wnd.h">
      <Filter>소스 파일\Wnd</Filter>
    </ClInclude>
    <ClInclude Include="Scene.h">
      <Filter>소스 파일\Scene</Filter>
    </ClInclude>
    <ClInclude Include="Direct.h">
      <Filter>소스 파일\core</Filter>
    </ClInclude>
    <ClInclude Include="GameWnd.h">
      <Filter>소스 파일\Wnd</Filter>
    </ClInclude>
    <ClInclude Include="SceneManager.h">
      <Filter>헤더 파일</Filter>
    </ClInclude>
    <ClInclude Include="ResourceManager.h">
      <Filter>헤더 파일</Filter>
    </ClInclude>
    <ClInclude Include="Sprite.h">
      <Filter>소스 파일\core</Filter>
    </ClInclude>
    <ClInclude Include="FPS.h">
      <Filter>소스 파일\utill</Filter>
    </ClInclude>
    <ClInclude Include="LoginScene.h">
      <Filter>소스 파일\Scene</Filter>
    </ClInclude>
    <ClInclude Include="LobbyScene.h">
      <Filter>소스 파일\Scene</Filter>
    </ClInclude>
    <ClInclude Include="Client.h">
      <Filter>헤더 파일</Filter>
    </ClInclude>
    <ClInclude Include="Timer.h">
      <Filter>소스 파일\utill</Filter>
    </ClInclude>
    <ClInclude Include="Object2D.h">
      <Filter>소스 파일\core</Filter>
    </ClInclude>
    <ClInclude Include="Input.h">
      <Filter>헤더 파일</Filter>
    </ClInclude>
    <ClInclude Include="Room.h">
      <Filter>헤더 파일</Filter>
    </ClInclude>
    <ClInclude Include="User.h">
      <Filter>헤더 파일</Filter>
    </ClInclude>
    <ClInclude Include="information.h">
      <Filter>헤더 파일</Filter>
    </ClInclude>
    <ClInclude Include="Button.h">
      <Filter>소스 파일\core</Filter>
    </ClInclude>
    <ClInclude Include="text.h">
      <Filter>소스 파일\core</Filter>
    </ClInclude>
    <ClInclude Include="waitingRoomScene.h">
      <Filter>소스 파일\Scene</Filter>
    </ClInclude>
    <ClInclude Include="PacketType.h">
      <Filter>헤더 파일</Filter>
    </ClInclude>
    <ClInclude Include="Chatting.h">
      <Filter>헤더 파일</Filter>
    </ClInclude>
  </ItemGroup>
</Project>